
Microsoft Visual Studio Solution File, Format Version 12.00
# Visual Studio Version 16
VisualStudioVersion = 16.0.31624.102
MinimumVisualStudioVersion = 10.0.40219.1
Project("{9A19103F-16F7-4668-BE54-9A1E7A4F7556}") = "RealEstateApp", "RealEstateApp.csproj", "{E802E6C9-44A0-4820-A2E1-05F91EA5CA06}"
EndProject
Project("{9A19103F-16F7-4668-BE54-9A1E7A4F7556}") = "RealEstateBLL", "..\RealEstateBLL\RealEstateBLL.csproj", "{FD3127AA-3799-4EF4-AF3A-2CF33BA3B08A}"
EndProject
Project("{9A19103F-16F7-4668-BE54-9A1E7A4F7556}") = "RealEstateDAL", "..\RealEstateDAL\RealEstateDAL.csproj", "{11493D72-610B-49C9-952C-9730FA583123}"
EndProject
Project("{FAE04EC0-301F-11D3-BF4B-00C04F79EFBC}") = "UtilitiesLib", "..\UtilitiesLib\UtilitiesLib.csproj", "{17AADD4A-3D3F-43E4-9A88-7ACC4971D2B3}"
EndProject
Global
	GlobalSection(SolutionConfigurationPlatforms) = preSolution
		Debug|Any CPU = Debug|Any CPU
		Release|Any CPU = Release|Any CPU
	EndGlobalSection
	GlobalSection(ProjectConfigurationPlatforms) = postSolution
		{E802E6C9-44A0-4820-A2E1-05F91EA5CA06}.Debug|Any CPU.ActiveCfg = Debug|Any CPU
		{E802E6C9-44A0-4820-A2E1-05F91EA5CA06}.Debug|Any CPU.Build.0 = Debug|Any CPU
		{E802E6C9-44A0-4820-A2E1-05F91EA5CA06}.Release|Any CPU.ActiveCfg = Release|Any CPU
		{E802E6C9-44A0-4820-A2E1-05F91EA5CA06}.Release|Any CPU.Build.0 = Release|Any CPU
		{FD3127AA-3799-4EF4-AF3A-2CF33BA3B08A}.Debug|Any CPU.ActiveCfg = Debug|Any CPU
		{FD3127AA-3799-4EF4-AF3A-2CF33BA3B08A}.Debug|Any CPU.Build.0 = Debug|Any CPU
		{FD3127AA-3799-4EF4-AF3A-2CF33BA3B08A}.Release|Any CPU.ActiveCfg = Release|Any CPU
		{FD3127AA-3799-4EF4-AF3A-2CF33BA3B08A}.Release|Any CPU.Build.0 = Release|Any CPU
		{11493D72-610B-49C9-952C-9730FA583123}.Debug|Any CPU.ActiveCfg = Debug|Any CPU
		{11493D72-610B-49C9-952C-9730FA583123}.Debug|Any CPU.Build.0 = Debug|Any CPU
		{11493D72-610B-49C9-952C-9730FA583123}.Release|Any CPU.ActiveCfg = Release|Any CPU
		{11493D72-610B-49C9-952C-9730FA583123}.Release|Any CPU.Build.0 = Release|Any CPU
		{17AADD4A-3D3F-43E4-9A88-7ACC4971D2B3}.Debug|Any CPU.ActiveCfg = Debug|Any CPU
		{17AADD4A-3D3F-43E4-9A88-7ACC4971D2B3}.Debug|Any CPU.Build.0 = Debug|Any CPU
		{17AADD4A-3D3F-43E4-9A88-7ACC4971D2B3}.Release|Any CPU.ActiveCfg = Release|Any CPU
		{17AADD4A-3D3F-43E4-9A88-7ACC4971D2B3}.Release|Any CPU.Build.0 = Release|Any CPU
	EndGlobalSection
	GlobalSection(SolutionProperties) = preSolution
		HideSolutionNode = FALSE
	EndGlobalSection
	GlobalSection(ExtensibilityGlobals) = postSolution
		SolutionGuid = {3137CCA1-5773-4886-B787-50AB5E97642F}
	EndGlobalSection
EndGlobal
